
Microsoft Visual Studio Solution File, Format Version 12.00
# Visual Studio 15
VisualStudioVersion = 15.0.27004.2008
MinimumVisualStudioVersion = 10.0.40219.1
Project("{9A19103F-16F7-4668-BE54-9A1E7A4F7556}") = "GoogleRoutes", "GoogleRoutes\GoogleRoutes.csproj", "{4243697D-0766-4862-A0F6-7F095B465E28}"
EndProject
Project("{FAE04EC0-301F-11D3-BF4B-00C04F79EFBC}") = "GoogleGeoApi", "GoogleGeoApi\GoogleGeoApi.csproj", "{90E60D60-5684-46D9-BDBE-4904CE3862B3}"
EndProject
Project("{FAE04EC0-301F-11D3-BF4B-00C04F79EFBC}") = "GoogleGeoApi.Test", "GoogleGeoApi.Test\GoogleGeoApi.Test.csproj", "{0869CB5A-1690-43E6-96E8-ECC37155F7F4}"
EndProject
Project("{FAE04EC0-301F-11D3-BF4B-00C04F79EFBC}") = "RateLimiting", "RateLimiting\RateLimiting.csproj", "{860E607A-019A-4D9D-8E07-BD7FE43BE4AE}"
EndProject
Global
	GlobalSection(SolutionConfigurationPlatforms) = preSolution
		Debug|Any CPU = Debug|Any CPU
		Release|Any CPU = Release|Any CPU
	EndGlobalSection
	GlobalSection(ProjectConfigurationPlatforms) = postSolution
		{4243697D-0766-4862-A0F6-7F095B465E28}.Debug|Any CPU.ActiveCfg = Debug|Any CPU
		{4243697D-0766-4862-A0F6-7F095B465E28}.Debug|Any CPU.Build.0 = Debug|Any CPU
		{4243697D-0766-4862-A0F6-7F095B465E28}.Release|Any CPU.ActiveCfg = Release|Any CPU
		{4243697D-0766-4862-A0F6-7F095B465E28}.Release|Any CPU.Build.0 = Release|Any CPU
		{90E60D60-5684-46D9-BDBE-4904CE3862B3}.Debug|Any CPU.ActiveCfg = Debug|Any CPU
		{90E60D60-5684-46D9-BDBE-4904CE3862B3}.Debug|Any CPU.Build.0 = Debug|Any CPU
		{90E60D60-5684-46D9-BDBE-4904CE3862B3}.Release|Any CPU.ActiveCfg = Release|Any CPU
		{90E60D60-5684-46D9-BDBE-4904CE3862B3}.Release|Any CPU.Build.0 = Release|Any CPU
		{0869CB5A-1690-43E6-96E8-ECC37155F7F4}.Debug|Any CPU.ActiveCfg = Debug|Any CPU
		{0869CB5A-1690-43E6-96E8-ECC37155F7F4}.Debug|Any CPU.Build.0 = Debug|Any CPU
		{0869CB5A-1690-43E6-96E8-ECC37155F7F4}.Release|Any CPU.ActiveCfg = Release|Any CPU
		{0869CB5A-1690-43E6-96E8-ECC37155F7F4}.Release|Any CPU.Build.0 = Release|Any CPU
		{860E607A-019A-4D9D-8E07-BD7FE43BE4AE}.Debug|Any CPU.ActiveCfg = Debug|Any CPU
		{860E607A-019A-4D9D-8E07-BD7FE43BE4AE}.Debug|Any CPU.Build.0 = Debug|Any CPU
		{860E607A-019A-4D9D-8E07-BD7FE43BE4AE}.Release|Any CPU.ActiveCfg = Release|Any CPU
		{860E607A-019A-4D9D-8E07-BD7FE43BE4AE}.Release|Any CPU.Build.0 = Release|Any CPU
	EndGlobalSection
	GlobalSection(SolutionProperties) = preSolution
		HideSolutionNode = FALSE
	EndGlobalSection
	GlobalSection(ExtensibilityGlobals) = postSolution
		SolutionGuid = {9DF85834-6C60-4B5D-89FB-6F7666C6A266}
	EndGlobalSection
EndGlobal
